
Microsoft Visual Studio Solution File, Format Version 12.00
# Visual Studio Version 17
VisualStudioVersion = 17.8.34525.116
MinimumVisualStudioVersion = 10.0.40219.1
Project("{FAE04EC0-301F-11D3-BF4B-00C04F79EFBC}") = "StripeIntegration", "StripeIntegration\StripeIntegration.csproj", "{9BFA903A-D92E-45E7-B034-F24044FDE2B0}"
EndProject
Global
	GlobalSection(SolutionConfigurationPlatforms) = preSolution
		Debug|Any CPU = Debug|Any CPU
		Release|Any CPU = Release|Any CPU
	EndGlobalSection
	GlobalSection(ProjectConfigurationPlatforms) = postSolution
		{9BFA903A-D92E-45E7-B034-F24044FDE2B0}.Debug|Any CPU.ActiveCfg = Debug|Any CPU
		{9BFA903A-D92E-45E7-B034-F24044FDE2B0}.Debug|Any CPU.Build.0 = Debug|Any CPU
		{9BFA903A-D92E-45E7-B034-F24044FDE2B0}.Release|Any CPU.ActiveCfg = Release|Any CPU
		{9BFA903A-D92E-45E7-B034-F24044FDE2B0}.Release|Any CPU.Build.0 = Release|Any CPU
	EndGlobalSection
	GlobalSection(SolutionProperties) = preSolution
		HideSolutionNode = FALSE
	EndGlobalSection
	GlobalSection(ExtensibilityGlobals) = postSolution
		SolutionGuid = {5E2222DE-C0B4-4325-B4F1-53F8D5518EB9}
	EndGlobalSection
EndGlobal
